
Microsoft Visual Studio Solution File, Format Version 12.00
# Visual Studio Version 16
VisualStudioVersion = 16.0.29806.167
MinimumVisualStudioVersion = 10.0.40219.1
Project("{9A19103F-16F7-4668-BE54-9A1E7A4F7556}") = "SkippyNet.Api", "SkippyNet.Api\SkippyNet.Api.csproj", "{7818BF6E-8EF8-4179-8308-0E1269FA14DB}"
EndProject
Project("{9A19103F-16F7-4668-BE54-9A1E7A4F7556}") = "SkippyNet.Api.Test", "SkippyNet.Api.Test\SkippyNet.Api.Test.csproj", "{561A79A8-1B0E-4601-A5E5-70ED231E96A2}"
EndProject
Project("{9A19103F-16F7-4668-BE54-9A1E7A4F7556}") = "SkippyNet.Api.Seed", "SkippyNet.Api.Seed\SkippyNet.Api.Seed.csproj", "{AA4EA2A7-3083-442C-B6DF-E79FFDAB53A1}"
EndProject
Project("{9A19103F-16F7-4668-BE54-9A1E7A4F7556}") = "SkippyNet.Api.Scheduler", "SkippyNet.Api.Scheduler\SkippyNet.Api.Scheduler.csproj", "{A3F6E879-3D35-4795-A453-6B1A82D470B5}"
EndProject
Project("{9A19103F-16F7-4668-BE54-9A1E7A4F7556}") = "SkippyNet.Api.Queue", "SkippyNet.Api.Queue\SkippyNet.Api.Queue.csproj", "{38481A16-4E0A-4143-A67B-F46DE74E232D}"
EndProject
Global
	GlobalSection(SolutionConfigurationPlatforms) = preSolution
		Debug|Any CPU = Debug|Any CPU
		Release|Any CPU = Release|Any CPU
	EndGlobalSection
	GlobalSection(ProjectConfigurationPlatforms) = postSolution
		{7818BF6E-8EF8-4179-8308-0E1269FA14DB}.Debug|Any CPU.ActiveCfg = Debug|Any CPU
		{7818BF6E-8EF8-4179-8308-0E1269FA14DB}.Debug|Any CPU.Build.0 = Debug|Any CPU
		{7818BF6E-8EF8-4179-8308-0E1269FA14DB}.Release|Any CPU.ActiveCfg = Release|Any CPU
		{7818BF6E-8EF8-4179-8308-0E1269FA14DB}.Release|Any CPU.Build.0 = Release|Any CPU
		{561A79A8-1B0E-4601-A5E5-70ED231E96A2}.Debug|Any CPU.ActiveCfg = Debug|Any CPU
		{561A79A8-1B0E-4601-A5E5-70ED231E96A2}.Debug|Any CPU.Build.0 = Debug|Any CPU
		{561A79A8-1B0E-4601-A5E5-70ED231E96A2}.Release|Any CPU.ActiveCfg = Release|Any CPU
		{561A79A8-1B0E-4601-A5E5-70ED231E96A2}.Release|Any CPU.Build.0 = Release|Any CPU
		{AA4EA2A7-3083-442C-B6DF-E79FFDAB53A1}.Debug|Any CPU.ActiveCfg = Debug|Any CPU
		{AA4EA2A7-3083-442C-B6DF-E79FFDAB53A1}.Debug|Any CPU.Build.0 = Debug|Any CPU
		{AA4EA2A7-3083-442C-B6DF-E79FFDAB53A1}.Release|Any CPU.ActiveCfg = Release|Any CPU
		{AA4EA2A7-3083-442C-B6DF-E79FFDAB53A1}.Release|Any CPU.Build.0 = Release|Any CPU
		{A3F6E879-3D35-4795-A453-6B1A82D470B5}.Debug|Any CPU.ActiveCfg = Debug|Any CPU
		{A3F6E879-3D35-4795-A453-6B1A82D470B5}.Debug|Any CPU.Build.0 = Debug|Any CPU
		{A3F6E879-3D35-4795-A453-6B1A82D470B5}.Release|Any CPU.ActiveCfg = Release|Any CPU
		{A3F6E879-3D35-4795-A453-6B1A82D470B5}.Release|Any CPU.Build.0 = Release|Any CPU
		{38481A16-4E0A-4143-A67B-F46DE74E232D}.Debug|Any CPU.ActiveCfg = Debug|Any CPU
		{38481A16-4E0A-4143-A67B-F46DE74E232D}.Debug|Any CPU.Build.0 = Debug|Any CPU
		{38481A16-4E0A-4143-A67B-F46DE74E232D}.Release|Any CPU.ActiveCfg = Release|Any CPU
		{38481A16-4E0A-4143-A67B-F46DE74E232D}.Release|Any CPU.Build.0 = Release|Any CPU
	EndGlobalSection
	GlobalSection(SolutionProperties) = preSolution
		HideSolutionNode = FALSE
	EndGlobalSection
	GlobalSection(ExtensibilityGlobals) = postSolution
		SolutionGuid = {6A854C1C-C7B9-4554-8CB9-4011A7865327}
	EndGlobalSection
EndGlobal
